
Microsoft Visual Studio Solution File, Format Version 12.00
# Visual Studio Version 16
VisualStudioVersion = 16.0.29201.188
MinimumVisualStudioVersion = 10.0.40219.1
Project("{FAE04EC0-301F-11D3-BF4B-00C04F79EFBC}") = "Lab_2_Room_Perimeter", "Lab_2_Room_Perimeter.csproj", "{1F6FDF21-CBB2-4523-A038-1B05473A476F}"
EndProject
Global
	GlobalSection(SolutionConfigurationPlatforms) = preSolution
		Debug|Any CPU = Debug|Any CPU
		Release|Any CPU = Release|Any CPU
	EndGlobalSection
	GlobalSection(ProjectConfigurationPlatforms) = postSolution
		{1F6FDF21-CBB2-4523-A038-1B05473A476F}.Debug|Any CPU.ActiveCfg = Debug|Any CPU
		{1F6FDF21-CBB2-4523-A038-1B05473A476F}.Debug|Any CPU.Build.0 = Debug|Any CPU
		{1F6FDF21-CBB2-4523-A038-1B05473A476F}.Release|Any CPU.ActiveCfg = Release|Any CPU
		{1F6FDF21-CBB2-4523-A038-1B05473A476F}.Release|Any CPU.Build.0 = Release|Any CPU
	EndGlobalSection
	GlobalSection(SolutionProperties) = preSolution
		HideSolutionNode = FALSE
	EndGlobalSection
	GlobalSection(ExtensibilityGlobals) = postSolution
		SolutionGuid = {387308A3-68F0-46C1-9F36-632076E5135E}
	EndGlobalSection
EndGlobal
